
Microsoft Visual Studio Solution File, Format Version 12.00
# Visual Studio 15
VisualStudioVersion = 15.0.28307.329
MinimumVisualStudioVersion = 10.0.40219.1
Project("{8BC9CEB8-8B4A-11D0-8D11-00A0C91BC942}") = "ProyectoFinalFeria", "ProyectoFinalFeria\ProyectoFinalFeria.vcxproj", "{9CF4BEF0-8190-4778-AC8A-FCEB8E98A318}"
EndProject
Global
	GlobalSection(SolutionConfigurationPlatforms) = preSolution
		Debug|x64 = Debug|x64
		Debug|x86 = Debug|x86
		Release|x64 = Release|x64
		Release|x86 = Release|x86
	EndGlobalSection
	GlobalSection(ProjectConfigurationPlatforms) = postSolution
		{9CF4BEF0-8190-4778-AC8A-FCEB8E98A318}.Debug|x64.ActiveCfg = Debug|x64
		{9CF4BEF0-8190-4778-AC8A-FCEB8E98A318}.Debug|x64.Build.0 = Debug|x64
		{9CF4BEF0-8190-4778-AC8A-FCEB8E98A318}.Debug|x86.ActiveCfg = Debug|Win32
		{9CF4BEF0-8190-4778-AC8A-FCEB8E98A318}.Debug|x86.Build.0 = Debug|Win32
		{9CF4BEF0-8190-4778-AC8A-FCEB8E98A318}.Release|x64.ActiveCfg = Release|x64
		{9CF4BEF0-8190-4778-AC8A-FCEB8E98A318}.Release|x64.Build.0 = Release|x64
		{9CF4BEF0-8190-4778-AC8A-FCEB8E98A318}.Release|x86.ActiveCfg = Release|Win32
		{9CF4BEF0-8190-4778-AC8A-FCEB8E98A318}.Release|x86.Build.0 = Release|Win32
	EndGlobalSection
	GlobalSection(SolutionProperties) = preSolution
		HideSolutionNode = FALSE
	EndGlobalSection
	GlobalSection(ExtensibilityGlobals) = postSolution
		SolutionGuid = {FB26DCDF-9945-4871-A754-8B4B4D79DB8E}
	EndGlobalSection
EndGlobal
